// !$*UTF8*$!
{
	archiveVersion = 1;
	classes = {
	};
	objectVersion = 56;
	objects = {

/* Begin PBXBuildFile section */
		9C6B514A293D26CC00843B5F /* movie_ticket_appApp.swift in Sources */ = {isa = PBXBuildFile; fileRef = 9C6B5149293D26CC00843B5F /* movie_ticket_appApp.swift */; };
		9C6B514C293D26CC00843B5F /* ContentView.swift in Sources */ = {isa = PBXBuildFile; fileRef = 9C6B514B293D26CC00843B5F /* ContentView.swift */; };
		9C6B514E293D26CD00843B5F /* Assets.xcassets in Resources */ = {isa = PBXBuildFile; fileRef = 9C6B514D293D26CD00843B5F /* Assets.xcassets */; };
		9C6B5151293D26CD00843B5F /* Preview Assets.xcassets in Resources */ = {isa = PBXBuildFile; fileRef = 9C6B5150293D26CD00843B5F /* Preview Assets.xcassets */; };
		9C6B5159293D26FE00843B5F /* Ticket.swift in Sources */ = {isa = PBXBuildFile; fileRef = 9C6B5158293D26FE00843B5F /* Ticket.swift */; };
		9C6B515B293D271A00843B5F /* Tickets.swift in Sources */ = {isa = PBXBuildFile; fileRef = 9C6B515A293D271A00843B5F /* Tickets.swift */; };
		9C6B5161293D27AC00843B5F /* utils.swift in Sources */ = {isa = PBXBuildFile; fileRef = 9C6B5160293D27AC00843B5F /* utils.swift */; };
		9C6B5163293D281200843B5F /* CircleBackground.swift in Sources */ = {isa = PBXBuildFile; fileRef = 9C6B5162293D281200843B5F /* CircleBackground.swift */; };
		9C6B5165293D282C00843B5F /* StatusUI.swift in Sources */ = {isa = PBXBuildFile; fileRef = 9C6B5164293D282C00843B5F /* StatusUI.swift */; };
		9C6B5167293D284400843B5F /* TicketData.swift in Sources */ = {isa = PBXBuildFile; fileRef = 9C6B5166293D284400843B5F /* TicketData.swift */; };
		9C6B5169293D286200843B5F /* PosterData.swift in Sources */ = {isa = PBXBuildFile; fileRef = 9C6B5168293D286200843B5F /* PosterData.swift */; };
		9C6B516B293D287E00843B5F /* TimeButton.swift in Sources */ = {isa = PBXBuildFile; fileRef = 9C6B516A293D287E00843B5F /* TimeButton.swift */; };
		9C6B516D293D289700843B5F /* DateButton.swift in Sources */ = {isa = PBXBuildFile; fileRef = 9C6B516C293D289700843B5F /* DateButton.swift */; };
		9C6B516F293D28AF00843B5F /* CircleButton.swift in Sources */ = {isa = PBXBuildFile; fileRef = 9C6B516E293D28AF00843B5F /* CircleButton.swift */; };
		9C6B5171293D28CC00843B5F /* RoundButton.swift in Sources */ = {isa = PBXBuildFile; fileRef = 9C6B5170293D28CC00843B5F /* RoundButton.swift */; };
		9C6B5173293D28EB00843B5F /* LargeButton.swift in Sources */ = {isa = PBXBuildFile; fileRef = 9C6B5172293D28EB00843B5F /* LargeButton.swift */; };
		9C6B5175293D290700843B5F /* TicketView.swift in Sources */ = {isa = PBXBuildFile; fileRef = 9C6B5174293D290700843B5F /* TicketView.swift */; };
		9C6B5177293D2D0B00843B5F /* TabData.swift in Sources */ = {isa = PBXBuildFile; fileRef = 9C6B5176293D2D0B00843B5F /* TabData.swift */; };
		9C6B5179293D342900843B5F /* CustomTabBar.swift in Sources */ = {isa = PBXBuildFile; fileRef = 9C6B5178293D342900843B5F /* CustomTabBar.swift */; };
		9C6B517B293EEA6100843B5F /* HomeView.swift in Sources */ = {isa = PBXBuildFile; fileRef = 9C6B517A293EEA6100843B5F /* HomeView.swift */; };
		9C6B517D293EECB900843B5F /* CustomSearchBar.swift in Sources */ = {isa = PBXBuildFile; fileRef = 9C6B517C293EECB900843B5F /* CustomSearchBar.swift */; };
		9C6B517F293EEEEE00843B5F /* ScrollSection.swift in Sources */ = {isa = PBXBuildFile; fileRef = 9C6B517E293EEEEE00843B5F /* ScrollSection.swift */; };
		9C6B5181293EF39800843B5F /* BookingView.swift in Sources */ = {isa = PBXBuildFile; fileRef = 9C6B5180293EF39800843B5F /* BookingView.swift */; };
		9CDBF45F293F99D4008AADB3 /* SeatsView.swift in Sources */ = {isa = PBXBuildFile; fileRef = 9CDBF45E293F99D4008AADB3 /* SeatsView.swift */; };
/* End PBXBuildFile section */

/* Begin PBXFileReference section */
		9C6B5146293D26CC00843B5F /* movie ticket app.app */ = {isa = PBXFileReference; explicitFileType = wrapper.application; includeInIndex = 0; path = "movie ticket app.app"; sourceTree = BUILT_PRODUCTS_DIR; };
		9C6B5149293D26CC00843B5F /* movie_ticket_appApp.swift */ = {isa = PBXFileReference; lastKnownFileType = sourcecode.swift; path = movie_ticket_appApp.swift; sourceTree = "<group>"; };
		9C6B514B293D26CC00843B5F /* ContentView.swift */ = {isa = PBXFileReference; lastKnownFileType = sourcecode.swift; path = ContentView.swift; sourceTree = "<group>"; };
		9C6B514D293D26CD00843B5F /* Assets.xcassets */ = {isa = PBXFileReference; lastKnownFileType = folder.assetcatalog; path = Assets.xcassets; sourceTree = "<group>"; };
		9C6B5150293D26CD00843B5F /* Preview Assets.xcassets */ = {isa = PBXFileReference; lastKnownFileType = folder.assetcatalog; path = "Preview Assets.xcassets"; sourceTree = "<group>"; };
		9C6B5158293D26FE00843B5F /* Ticket.swift */ = {isa = PBXFileReference; lastKnownFileType = sourcecode.swift; path = Ticket.swift; sourceTree = "<group>"; };
		9C6B515A293D271A00843B5F /* Tickets.swift */ = {isa = PBXFileReference; lastKnownFileType = sourcecode.swift; path = Tickets.swift; sourceTree = "<group>"; };
		9C6B5160293D27AC00843B5F /* utils.swift */ = {isa = PBXFileReference; lastKnownFileType = sourcecode.swift; path = utils.swift; sourceTree = "<group>"; };
		9C6B5162293D281200843B5F /* CircleBackground.swift */ = {isa = PBXFileReference; lastKnownFileType = sourcecode.swift; path = CircleBackground.swift; sourceTree = "<group>"; };
		9C6B5164293D282C00843B5F /* StatusUI.swift */ = {isa = PBXFileReference; lastKnownFileType = sourcecode.swift; path = StatusUI.swift; sourceTree = "<group>"; };
		9C6B5166293D284400843B5F /* TicketData.swift */ = {isa = PBXFileReference; lastKnownFileType = sourcecode.swift; path = TicketData.swift; sourceTree = "<group>"; };
		9C6B5168293D286200843B5F /* PosterData.swift */ = {isa = PBXFileReference; lastKnownFileType = sourcecode.swift; path = PosterData.swift; sourceTree = "<group>"; };
		9C6B516A293D287E00843B5F /* TimeButton.swift */ = {isa = PBXFileReference; lastKnownFileType = sourcecode.swift; path = TimeButton.swift; sourceTree = "<group>"; };
		9C6B516C293D289700843B5F /* DateButton.swift */ = {isa = PBXFileReference; lastKnownFileType = sourcecode.swift; path = DateButton.swift; sourceTree = "<group>"; };
		9C6B516E293D28AF00843B5F /* CircleButton.swift */ = {isa = PBXFileReference; lastKnownFileType = sourcecode.swift; path = CircleButton.swift; sourceTree = "<group>"; };
		9C6B5170293D28CC00843B5F /* RoundButton.swift */ = {isa = PBXFileReference; lastKnownFileType = sourcecode.swift; path = RoundButton.swift; sourceTree = "<group>"; };
		9C6B5172293D28EB00843B5F /* LargeButton.swift */ = {isa = PBXFileReference; lastKnownFileType = sourcecode.swift; path = LargeButton.swift; sourceTree = "<group>"; };
		9C6B5174293D290700843B5F /* TicketView.swift */ = {isa = PBXFileReference; lastKnownFileType = sourcecode.swift; path = TicketView.swift; sourceTree = "<group>"; };
		9C6B5176293D2D0B00843B5F /* TabData.swift */ = {isa = PBXFileReference; lastKnownFileType = sourcecode.swift; path = TabData.swift; sourceTree = "<group>"; };
		9C6B5178293D342900843B5F /* CustomTabBar.swift */ = {isa = PBXFileReference; lastKnownFileType = sourcecode.swift; path = CustomTabBar.swift; sourceTree = "<group>"; };
		9C6B517A293EEA6100843B5F /* HomeView.swift */ = {isa = PBXFileReference; lastKnownFileType = sourcecode.swift; path = HomeView.swift; sourceTree = "<group>"; };
		9C6B517C293EECB900843B5F /* CustomSearchBar.swift */ = {isa = PBXFileReference; lastKnownFileType = sourcecode.swift; path = CustomSearchBar.swift; sourceTree = "<group>"; };
		9C6B517E293EEEEE00843B5F /* ScrollSection.swift */ = {isa = PBXFileReference; lastKnownFileType = sourcecode.swift; path = ScrollSection.swift; sourceTree = "<group>"; };
		9C6B5180293EF39800843B5F /* BookingView.swift */ = {isa = PBXFileReference; lastKnownFileType = sourcecode.swift; path = BookingView.swift; sourceTree = "<group>"; };
		9CDBF45E293F99D4008AADB3 /* SeatsView.swift */ = {isa = PBXFileReference; lastKnownFileType = sourcecode.swift; path = SeatsView.swift; sourceTree = "<group>"; };
/* End PBXFileReference section */

/* Begin PBXFrameworksBuildPhase section */
		9C6B5143293D26CC00843B5F /* Frameworks */ = {
			isa = PBXFrameworksBuildPhase;
			buildActionMask = 2147483647;
			files = (
			);
			runOnlyForDeploymentPostprocessing = 0;
		};
/* End PBXFrameworksBuildPhase section */

/* Begin PBXGroup section */
		9C6B513D293D26CC00843B5F = {
			isa = PBXGroup;
			children = (
				9C6B5148293D26CC00843B5F /* movie ticket app */,
				9C6B5147293D26CC00843B5F /* Products */,
			);
			sourceTree = "<group>";
		};
		9C6B5147293D26CC00843B5F /* Products */ = {
			isa = PBXGroup;
			children = (
				9C6B5146293D26CC00843B5F /* movie ticket app.app */,
			);
			name = Products;
			sourceTree = "<group>";
		};
		9C6B5148293D26CC00843B5F /* movie ticket app */ = {
			isa = PBXGroup;
			children = (
				9C6B5157293D26E700843B5F /* Cards */,
				9C6B515C293D273300843B5F /* UI */,
				9C6B515D293D273A00843B5F /* Data */,
				9C6B515E293D274C00843B5F /* Buttons */,
				9C6B515F293D276200843B5F /* Views */,
				9C6B5149293D26CC00843B5F /* movie_ticket_appApp.swift */,
				9C6B514B293D26CC00843B5F /* ContentView.swift */,
				9C6B514D293D26CD00843B5F /* Assets.xcassets */,
				9C6B514F293D26CD00843B5F /* Preview Content */,
				9C6B5160293D27AC00843B5F /* utils.swift */,
			);
			path = "movie ticket app";
			sourceTree = "<group>";
		};
		9C6B514F293D26CD00843B5F /* Preview Content */ = {
			isa = PBXGroup;
			children = (
				9C6B5150293D26CD00843B5F /* Preview Assets.xcassets */,
			);
			path = "Preview Content";
			sourceTree = "<group>";
		};
		9C6B5157293D26E700843B5F /* Cards */ = {
			isa = PBXGroup;
			children = (
				9C6B5158293D26FE00843B5F /* Ticket.swift */,
				9C6B515A293D271A00843B5F /* Tickets.swift */,
			);
			path = Cards;
			sourceTree = "<group>";
		};
		9C6B515C293D273300843B5F /* UI */ = {
			isa = PBXGroup;
			children = (
				9C6B5162293D281200843B5F /* CircleBackground.swift */,
				9C6B5164293D282C00843B5F /* StatusUI.swift */,
				9C6B5178293D342900843B5F /* CustomTabBar.swift */,
				9C6B517C293EECB900843B5F /* CustomSearchBar.swift */,
				9C6B517E293EEEEE00843B5F /* ScrollSection.swift */,
			);
			path = UI;
			sourceTree = "<group>";
		};
		9C6B515D293D273A00843B5F /* Data */ = {
			isa = PBXGroup;
			children = (
				9C6B5166293D284400843B5F /* TicketData.swift */,
				9C6B5168293D286200843B5F /* PosterData.swift */,
				9C6B5176293D2D0B00843B5F /* TabData.swift */,
			);
			path = Data;
			sourceTree = "<group>";
		};
		9C6B515E293D274C00843B5F /* Buttons */ = {
			isa = PBXGroup;
			children = (
				9C6B516A293D287E00843B5F /* TimeButton.swift */,
				9C6B516C293D289700843B5F /* DateButton.swift */,
				9C6B516E293D28AF00843B5F /* CircleButton.swift */,
				9C6B5170293D28CC00843B5F /* RoundButton.swift */,
				9C6B5172293D28EB00843B5F /* LargeButton.swift */,
			);
			path = Buttons;
			sourceTree = "<group>";
		};
		9C6B515F293D276200843B5F /* Views */ = {
			isa = PBXGroup;
			children = (
				9C6B5174293D290700843B5F /* TicketView.swift */,
				9C6B517A293EEA6100843B5F /* HomeView.swift */,
				9C6B5180293EF39800843B5F /* BookingView.swift */,
				9CDBF45E293F99D4008AADB3 /* SeatsView.swift */,
			);
			path = Views;
			sourceTree = "<group>";
		};
/* End PBXGroup section */

/* Begin PBXNativeTarget section */
		9C6B5145293D26CC00843B5F /* movie ticket app */ = {
			isa = PBXNativeTarget;
			buildConfigurationList = 9C6B5154293D26CD00843B5F /* Build configuration list for PBXNativeTarget "movie ticket app" */;
			buildPhases = (
				9C6B5142293D26CC00843B5F /* Sources */,
				9C6B5143293D26CC00843B5F /* Frameworks */,
				9C6B5144293D26CC00843B5F /* Resources */,
			);
			buildRules = (
			);
			dependencies = (
			);
			name = "movie ticket app";
			productName = "movie ticket app";
			productReference = 9C6B5146293D26CC00843B5F /* movie ticket app.app */;
			productType = "com.apple.product-type.application";
		};
/* End PBXNativeTarget section */

/* Begin PBXProject section */
		9C6B513E293D26CC00843B5F /* Project object */ = {
			isa = PBXProject;
			attributes = {
				BuildIndependentTargetsInParallel = 1;
				LastSwiftUpdateCheck = 1410;
				LastUpgradeCheck = 1410;
				TargetAttributes = {
					9C6B5145293D26CC00843B5F = {
						CreatedOnToolsVersion = 14.1;
					};
				};
			};
			buildConfigurationList = 9C6B5141293D26CC00843B5F /* Build configuration list for PBXProject "movie ticket app" */;
			compatibilityVersion = "Xcode 14.0";
			developmentRegion = en;
			hasScannedForEncodings = 0;
			knownRegions = (
				en,
				Base,
			);
			mainGroup = 9C6B513D293D26CC00843B5F;
			productRefGroup = 9C6B5147293D26CC00843B5F /* Products */;
			projectDirPath = "";
			projectRoot = "";
			targets = (
				9C6B5145293D26CC00843B5F /* movie ticket app */,
			);
		};
/* End PBXProject section */

/* Begin PBXResourcesBuildPhase section */
		9C6B5144293D26CC00843B5F /* Resources */ = {
			isa = PBXResourcesBuildPhase;
			buildActionMask = 2147483647;
			files = (
				9C6B5151293D26CD00843B5F /* Preview Assets.xcassets in Resources */,
				9C6B514E293D26CD00843B5F /* Assets.xcassets in Resources */,
			);
			runOnlyForDeploymentPostprocessing = 0;
		};
/* End PBXResourcesBuildPhase section */

/* Begin PBXSourcesBuildPhase section */
		9C6B5142293D26CC00843B5F /* Sources */ = {
			isa = PBXSourcesBuildPhase;
			buildActionMask = 2147483647;
			files = (
				9C6B516B293D287E00843B5F /* TimeButton.swift in Sources */,
				9C6B5161293D27AC00843B5F /* utils.swift in Sources */,
				9C6B517F293EEEEE00843B5F /* ScrollSection.swift in Sources */,
				9C6B5167293D284400843B5F /* TicketData.swift in Sources */,
				9C6B516F293D28AF00843B5F /* CircleButton.swift in Sources */,
				9C6B514C293D26CC00843B5F /* ContentView.swift in Sources */,
				9C6B5159293D26FE00843B5F /* Ticket.swift in Sources */,
				9C6B5175293D290700843B5F /* TicketView.swift in Sources */,
				9C6B5171293D28CC00843B5F /* RoundButton.swift in Sources */,
				9C6B5181293EF39800843B5F /* BookingView.swift in Sources */,
				9C6B5179293D342900843B5F /* CustomTabBar.swift in Sources */,
				9C6B517B293EEA6100843B5F /* HomeView.swift in Sources */,
				9C6B5163293D281200843B5F /* CircleBackground.swift in Sources */,
				9C6B517D293EECB900843B5F /* CustomSearchBar.swift in Sources */,
				9C6B5177293D2D0B00843B5F /* TabData.swift in Sources */,
				9C6B514A293D26CC00843B5F /* movie_ticket_appApp.swift in Sources */,
				9C6B5165293D282C00843B5F /* StatusUI.swift in Sources */,
				9CDBF45F293F99D4008AADB3 /* SeatsView.swift in Sources */,
				9C6B516D293D289700843B5F /* DateButton.swift in Sources */,
				9C6B5173293D28EB00843B5F /* LargeButton.swift in Sources */,
				9C6B515B293D271A00843B5F /* Tickets.swift in Sources */,
				9C6B5169293D286200843B5F /* PosterData.swift in Sources */,
			);
			runOnlyForDeploymentPostprocessing = 0;
		};
/* End PBXSourcesBuildPhase section */

/* Begin XCBuildConfiguration section */
		9C6B5152293D26CD00843B5F /* Debug */ = {
			isa = XCBuildConfiguration;
			buildSettings = {
				ALWAYS_SEARCH_USER_PATHS = NO;
				CLANG_ANALYZER_NONNULL = YES;
				CLANG_ANALYZER_NUMBER_OBJECT_CONVERSION = YES_AGGRESSIVE;
				CLANG_CXX_LANGUAGE_STANDARD = "gnu++20";
				CLANG_ENABLE_MODULES = YES;
				CLANG_ENABLE_OBJC_ARC = YES;
				CLANG_ENABLE_OBJC_WEAK = YES;
				CLANG_WARN_BLOCK_CAPTURE_AUTORELEASING = YES;
				CLANG_WARN_BOOL_CONVERSION = YES;
				CLANG_WARN_COMMA = YES;
				CLANG_WARN_CONSTANT_CONVERSION = YES;
				CLANG_WARN_DEPRECATED_OBJC_IMPLEMENTATIONS = YES;
				CLANG_WARN_DIRECT_OBJC_ISA_USAGE = YES_ERROR;
				CLANG_WARN_DOCUMENTATION_COMMENTS = YES;
				CLANG_WARN_EMPTY_BODY = YES;
				CLANG_WARN_ENUM_CONVERSION = YES;
				CLANG_WARN_INFINITE_RECURSION = YES;
				CLANG_WARN_INT_CONVERSION = YES;
				CLANG_WARN_NON_LITERAL_NULL_CONVERSION = YES;
				CLANG_WARN_OBJC_IMPLICIT_RETAIN_SELF = YES;
				CLANG_WARN_OBJC_LITERAL_CONVERSION = YES;
				CLANG_WARN_OBJC_ROOT_CLASS = YES_ERROR;
				CLANG_WARN_QUOTED_INCLUDE_IN_FRAMEWORK_HEADER = YES;
				CLANG_WARN_RANGE_LOOP_ANALYSIS = YES;
				CLANG_WARN_STRICT_PROTOTYPES = YES;
				CLANG_WARN_SUSPICIOUS_MOVE = YES;
				CLANG_WARN_UNGUARDED_AVAILABILITY = YES_AGGRESSIVE;
				CLANG_WARN_UNREACHABLE_CODE = YES;
				CLANG_WARN__DUPLICATE_METHOD_MATCH = YES;
				COPY_PHASE_STRIP = NO;
				DEBUG_INFORMATION_FORMAT = dwarf;
				ENABLE_STRICT_OBJC_MSGSEND = YES;
				ENABLE_TESTABILITY = YES;
				GCC_C_LANGUAGE_STANDARD = gnu11;
				GCC_DYNAMIC_NO_PIC = NO;
				GCC_NO_COMMON_BLOCKS = YES;
				GCC_OPTIMIZATION_LEVEL = 0;
				GCC_PREPROCESSOR_DEFINITIONS = (
					"DEBUG=1",
					"$(inherited)",
				);
				GCC_WARN_64_TO_32_BIT_CONVERSION = YES;
				GCC_WARN_ABOUT_RETURN_TYPE = YES_ERROR;
				GCC_WARN_UNDECLARED_SELECTOR = YES;
				GCC_WARN_UNINITIALIZED_AUTOS = YES_AGGRESSIVE;
				GCC_WARN_UNUSED_FUNCTION = YES;
				GCC_WARN_UNUSED_VARIABLE = YES;
				IPHONEOS_DEPLOYMENT_TARGET = 16.1;
				MTL_ENABLE_DEBUG_INFO = INCLUDE_SOURCE;
				MTL_FAST_MATH = YES;
				ONLY_ACTIVE_ARCH = YES;
				SDKROOT = iphoneos;
				SWIFT_ACTIVE_COMPILATION_CONDITIONS = DEBUG;
				SWIFT_OPTIMIZATION_LEVEL = "-Onone";
			};
			name = Debug;
		};
		9C6B5153293D26CD00843B5F /* Release */ = {
			isa = XCBuildConfiguration;
			buildSettings = {
				ALWAYS_SEARCH_USER_PATHS = NO;
				CLANG_ANALYZER_NONNULL = YES;
				CLANG_ANALYZER_NUMBER_OBJECT_CONVERSION = YES_AGGRESSIVE;
				CLANG_CXX_LANGUAGE_STANDARD = "gnu++20";
				CLANG_ENABLE_MODULES = YES;
				CLANG_ENABLE_OBJC_ARC = YES;
				CLANG_ENABLE_OBJC_WEAK = YES;
				CLANG_WARN_BLOCK_CAPTURE_AUTORELEASING = YES;
				CLANG_WARN_BOOL_CONVERSION = YES;
				CLANG_WARN_COMMA = YES;
				CLANG_WARN_CONSTANT_CONVERSION = YES;
				CLANG_WARN_DEPRECATED_OBJC_IMPLEMENTATIONS = YES;
				CLANG_WARN_DIRECT_OBJC_ISA_USAGE = YES_ERROR;
				CLANG_WARN_DOCUMENTATION_COMMENTS = YES;
				CLANG_WARN_EMPTY_BODY = YES;
				CLANG_WARN_ENUM_CONVERSION = YES;
				CLANG_WARN_INFINITE_RECURSION = YES;
				CLANG_WARN_INT_CONVERSION = YES;
				CLANG_WARN_NON_LITERAL_NULL_CONVERSION = YES;
				CLANG_WARN_OBJC_IMPLICIT_RETAIN_SELF = YES;
				CLANG_WARN_OBJC_LITERAL_CONVERSION = YES;
				CLANG_WARN_OBJC_ROOT_CLASS = YES_ERROR;
				CLANG_WARN_QUOTED_INCLUDE_IN_FRAMEWORK_HEADER = YES;
				CLANG_WARN_RANGE_LOOP_ANALYSIS = YES;
				CLANG_WARN_STRICT_PROTOTYPES = YES;
				CLANG_WARN_SUSPICIOUS_MOVE = YES;
				CLANG_WARN_UNGUARDED_AVAILABILITY = YES_AGGRESSIVE;
				CLANG_WARN_UNREACHABLE_CODE = YES;
				CLANG_WARN__DUPLICATE_METHOD_MATCH = YES;
				COPY_PHASE_STRIP = NO;
				DEBUG_INFORMATION_FORMAT = "dwarf-with-dsym";
				ENABLE_NS_ASSERTIONS = NO;
				ENABLE_STRICT_OBJC_MSGSEND = YES;
				GCC_C_LANGUAGE_STANDARD = gnu11;
				GCC_NO_COMMON_BLOCKS = YES;
				GCC_WARN_64_TO_32_BIT_CONVERSION = YES;
				GCC_WARN_ABOUT_RETURN_TYPE = YES_ERROR;
				GCC_WARN_UNDECLARED_SELECTOR = YES;
				GCC_WARN_UNINITIALIZED_AUTOS = YES_AGGRESSIVE;
				GCC_WARN_UNUSED_FUNCTION = YES;
				GCC_WARN_UNUSED_VARIABLE = YES;
				IPHONEOS_DEPLOYMENT_TARGET = 16.1;
				MTL_ENABLE_DEBUG_INFO = NO;
				MTL_FAST_MATH = YES;
				SDKROOT = iphoneos;
				SWIFT_COMPILATION_MODE = wholemodule;
				SWIFT_OPTIMIZATION_LEVEL = "-O";
				VALIDATE_PRODUCT = YES;
			};
			name = Release;
		};
		9C6B5155293D26CD00843B5F /* Debug */ = {
			isa = XCBuildConfiguration;
			buildSettings = {
				ASSETCATALOG_COMPILER_APPICON_NAME = AppIcon;
				ASSETCATALOG_COMPILER_GLOBAL_ACCENT_COLOR_NAME = AccentColor;
				CODE_SIGN_STYLE = Automatic;
				CURRENT_PROJECT_VERSION = 1;
				DEVELOPMENT_ASSET_PATHS = "\"movie ticket app/Preview Content\"";
				DEVELOPMENT_TEAM = 797226GK3Q;
				ENABLE_PREVIEWS = YES;
				GENERATE_INFOPLIST_FILE = YES;
				INFOPLIST_KEY_UIApplicationSceneManifest_Generation = YES;
				INFOPLIST_KEY_UIApplicationSupportsIndirectInputEvents = YES;
				INFOPLIST_KEY_UILaunchScreen_Generation = YES;
				INFOPLIST_KEY_UISupportedInterfaceOrientations_iPad = "UIInterfaceOrientationPortrait UIInterfaceOrientationPortraitUpsideDown UIInterfaceOrientationLandscapeLeft UIInterfaceOrientationLandscapeRight";
				INFOPLIST_KEY_UISupportedInterfaceOrientations_iPhone = "UIInterfaceOrientationPortrait UIInterfaceOrientationLandscapeLeft UIInterfaceOrientationLandscapeRight";
				LD_RUNPATH_SEARCH_PATHS = (
					"$(inherited)",
					"@executable_path/Frameworks",
				);
				MARKETING_VERSION = 1.0;
				PRODUCT_BUNDLE_IDENTIFIER = "CodeName.movie-ticket-app";
				PRODUCT_NAME = "$(TARGET_NAME)";
				SWIFT_EMIT_LOC_STRINGS = YES;
				SWIFT_VERSION = 5.0;
				TARGETED_DEVICE_FAMILY = "1,2";
			};
			name = Debug;
		};
		9C6B5156293D26CD00843B5F /* Release */ = {
			isa = XCBuildConfiguration;
			buildSettings = {
				ASSETCATALOG_COMPILER_APPICON_NAME = AppIcon;
				ASSETCATALOG_COMPILER_GLOBAL_ACCENT_COLOR_NAME = AccentColor;
				CODE_SIGN_STYLE = Automatic;
				CURRENT_PROJECT_VERSION = 1;
				DEVELOPMENT_ASSET_PATHS = "\"movie ticket app/Preview Content\"";
				DEVELOPMENT_TEAM = 797226GK3Q;
				ENABLE_PREVIEWS = YES;
				GENERATE_INFOPLIST_FILE = YES;
				INFOPLIST_KEY_UIApplicationSceneManifest_Generation = YES;
				INFOPLIST_KEY_UIApplicationSupportsIndirectInputEvents = YES;
				INFOPLIST_KEY_UILaunchScreen_Generation = YES;
				INFOPLIST_KEY_UISupportedInterfaceOrientations_iPad = "UIInterfaceOrientationPortrait UIInterfaceOrientationPortraitUpsideDown UIInterfaceOrientationLandscapeLeft UIInterfaceOrientationLandscapeRight";
				INFOPLIST_KEY_UISupportedInterfaceOrientations_iPhone = "UIInterfaceOrientationPortrait UIInterfaceOrientationLandscapeLeft UIInterfaceOrientationLandscapeRight";
				LD_RUNPATH_SEARCH_PATHS = (
					"$(inherited)",
					"@executable_path/Frameworks",
				);
				MARKETING_VERSION = 1.0;
				PRODUCT_BUNDLE_IDENTIFIER = "CodeName.movie-ticket-app";
				PRODUCT_NAME = "$(TARGET_NAME)";
				SWIFT_EMIT_LOC_STRINGS = YES;
				SWIFT_VERSION = 5.0;
				TARGETED_DEVICE_FAMILY = "1,2";
			};
			name = Release;
		};
/* End XCBuildConfiguration section */

/* Begin XCConfigurationList section */
		9C6B5141293D26CC00843B5F /* Build configuration list for PBXProject "movie ticket app" */ = {
			isa = XCConfigurationList;
			buildConfigurations = (
				9C6B5152293D26CD00843B5F /* Debug */,
				9C6B5153293D26CD00843B5F /* Release */,
			);
			defaultConfigurationIsVisible = 0;
			defaultConfigurationName = Release;
		};
		9C6B5154293D26CD00843B5F /* Build configuration list for PBXNativeTarget "movie ticket app" */ = {
			isa = XCConfigurationList;
			buildConfigurations = (
				9C6B5155293D26CD00843B5F /* Debug */,
				9C6B5156293D26CD00843B5F /* Release */,
			);
			defaultConfigurationIsVisible = 0;
			defaultConfigurationName = Release;
		};
/* End XCConfigurationList section */
	};
	rootObject = 9C6B513E293D26CC00843B5F /* Project object */;
}
